{
  "pins" : [
    {
      "identity" : "kingfisher",
      "kind" : "remoteSourceControl",
      "location" : "https://github.com/onevcat/Kingfisher",
      "state" : {
        "branch" : "master",
        "revision" : "5957c8f09e3f048de42a6fb8dcb467cc0ac4e7b4"
      }
    },
    {
      "identity" : "refreshablescrollview",
      "kind" : "remoteSourceControl",
      "location" : "https://github.com/elegantchaos/RefreshableScrollView.git",
      "state" : {
        "branch" : "main",
        "revision" : "4ad7df1e1d1e9d5499a55bb2cf39a78511631529"
      }
    }
  ],
  "version" : 2
}
